// !$*UTF8*$!
{
	archiveVersion = 1;
	classes = {
	};
	objectVersion = 48;
	objects = {

/* Begin PBXBuildFile section */
		A01C72EE1FBC9EAB00D921C5 /* Parada.swift in Sources */ = {isa = PBXBuildFile; fileRef = A01C72ED1FBC9EAB00D921C5 /* Parada.swift */; };
		A01C72F11FBCBA5100D921C5 /* ParadasTableViewController.swift in Sources */ = {isa = PBXBuildFile; fileRef = A01C72F01FBCBA5100D921C5 /* ParadasTableViewController.swift */; };
		A01C72F31FBCBA7D00D921C5 /* ParadaTableViewCell.swift in Sources */ = {isa = PBXBuildFile; fileRef = A01C72F21FBCBA7D00D921C5 /* ParadaTableViewCell.swift */; };
		A01C72F61FBCCAB100D921C5 /* EstimacionTableViewCell.swift in Sources */ = {isa = PBXBuildFile; fileRef = A01C72F51FBCCAB100D921C5 /* EstimacionTableViewCell.swift */; };
		A01C72F81FBCCAC400D921C5 /* EstimacionesTableViewController.swift in Sources */ = {isa = PBXBuildFile; fileRef = A01C72F71FBCCAC400D921C5 /* EstimacionesTableViewController.swift */; };
		A01C72FA1FBCCC6F00D921C5 /* Estimacion.swift in Sources */ = {isa = PBXBuildFile; fileRef = A01C72F91FBCCC6F00D921C5 /* Estimacion.swift */; };
		A0234CF71FBB54BE00CE7A94 /* LineasTableViewController.swift in Sources */ = {isa = PBXBuildFile; fileRef = A0234CF61FBB54BE00CE7A94 /* LineasTableViewController.swift */; };
		A064AC391FBB51F100380D5A /* Linea.swift in Sources */ = {isa = PBXBuildFile; fileRef = A064AC381FBB51F100380D5A /* Linea.swift */; };
		A0AE19491FBB466800F6C77E /* AppDelegate.swift in Sources */ = {isa = PBXBuildFile; fileRef = A0AE19481FBB466800F6C77E /* AppDelegate.swift */; };
		A0AE194E1FBB466800F6C77E /* Main.storyboard in Resources */ = {isa = PBXBuildFile; fileRef = A0AE194C1FBB466800F6C77E /* Main.storyboard */; };
		A0AE19501FBB466800F6C77E /* Assets.xcassets in Resources */ = {isa = PBXBuildFile; fileRef = A0AE194F1FBB466800F6C77E /* Assets.xcassets */; };
		A0AE19531FBB466900F6C77E /* LaunchScreen.storyboard in Resources */ = {isa = PBXBuildFile; fileRef = A0AE19511FBB466900F6C77E /* LaunchScreen.storyboard */; };
		A0AE195E1FBB466900F6C77E /* Tus_SantanderTests.swift in Sources */ = {isa = PBXBuildFile; fileRef = A0AE195D1FBB466900F6C77E /* Tus_SantanderTests.swift */; };
		A0AE19691FBB466900F6C77E /* Tus_SantanderUITests.swift in Sources */ = {isa = PBXBuildFile; fileRef = A0AE19681FBB466900F6C77E /* Tus_SantanderUITests.swift */; };
		A0AE19791FBB4BD700F6C77E /* LineasTableViewCell.swift in Sources */ = {isa = PBXBuildFile; fileRef = A0AE19781FBB4BD700F6C77E /* LineasTableViewCell.swift */; };
		A0BDA1511FBB888F00B49DA9 /* DatabaseHelper.swift in Sources */ = {isa = PBXBuildFile; fileRef = A0BDA1501FBB888F00B49DA9 /* DatabaseHelper.swift */; };
/* End PBXBuildFile section */

/* Begin PBXContainerItemProxy section */
		A0AE195A1FBB466900F6C77E /* PBXContainerItemProxy */ = {
			isa = PBXContainerItemProxy;
			containerPortal = A0AE193D1FBB466800F6C77E /* Project object */;
			proxyType = 1;
			remoteGlobalIDString = A0AE19441FBB466800F6C77E;
			remoteInfo = "Tus Santander";
		};
		A0AE19651FBB466900F6C77E /* PBXContainerItemProxy */ = {
			isa = PBXContainerItemProxy;
			containerPortal = A0AE193D1FBB466800F6C77E /* Project object */;
			proxyType = 1;
			remoteGlobalIDString = A0AE19441FBB466800F6C77E;
			remoteInfo = "Tus Santander";
		};
/* End PBXContainerItemProxy section */

/* Begin PBXFileReference section */
		A01C72ED1FBC9EAB00D921C5 /* Parada.swift */ = {isa = PBXFileReference; lastKnownFileType = sourcecode.swift; path = Parada.swift; sourceTree = "<group>"; };
		A01C72F01FBCBA5100D921C5 /* ParadasTableViewController.swift */ = {isa = PBXFileReference; lastKnownFileType = sourcecode.swift; path = ParadasTableViewController.swift; sourceTree = "<group>"; };
		A01C72F21FBCBA7D00D921C5 /* ParadaTableViewCell.swift */ = {isa = PBXFileReference; lastKnownFileType = sourcecode.swift; path = ParadaTableViewCell.swift; sourceTree = "<group>"; };
		A01C72F51FBCCAB100D921C5 /* EstimacionTableViewCell.swift */ = {isa = PBXFileReference; lastKnownFileType = sourcecode.swift; path = EstimacionTableViewCell.swift; sourceTree = "<group>"; };
		A01C72F71FBCCAC400D921C5 /* EstimacionesTableViewController.swift */ = {isa = PBXFileReference; lastKnownFileType = sourcecode.swift; path = EstimacionesTableViewController.swift; sourceTree = "<group>"; };
		A01C72F91FBCCC6F00D921C5 /* Estimacion.swift */ = {isa = PBXFileReference; lastKnownFileType = sourcecode.swift; path = Estimacion.swift; sourceTree = "<group>"; };
		A0234CF61FBB54BE00CE7A94 /* LineasTableViewController.swift */ = {isa = PBXFileReference; lastKnownFileType = sourcecode.swift; path = LineasTableViewController.swift; sourceTree = "<group>"; };
		A064AC381FBB51F100380D5A /* Linea.swift */ = {isa = PBXFileReference; lastKnownFileType = sourcecode.swift; path = Linea.swift; sourceTree = "<group>"; };
		A0AE19451FBB466800F6C77E /* Tus Santander.app */ = {isa = PBXFileReference; explicitFileType = wrapper.application; includeInIndex = 0; path = "Tus Santander.app"; sourceTree = BUILT_PRODUCTS_DIR; };
		A0AE19481FBB466800F6C77E /* AppDelegate.swift */ = {isa = PBXFileReference; lastKnownFileType = sourcecode.swift; path = AppDelegate.swift; sourceTree = "<group>"; };
		A0AE194D1FBB466800F6C77E /* Base */ = {isa = PBXFileReference; lastKnownFileType = file.storyboard; name = Base; path = Base.lproj/Main.storyboard; sourceTree = "<group>"; };
		A0AE194F1FBB466800F6C77E /* Assets.xcassets */ = {isa = PBXFileReference; lastKnownFileType = folder.assetcatalog; path = Assets.xcassets; sourceTree = "<group>"; };
		A0AE19521FBB466900F6C77E /* Base */ = {isa = PBXFileReference; lastKnownFileType = file.storyboard; name = Base; path = Base.lproj/LaunchScreen.storyboard; sourceTree = "<group>"; };
		A0AE19541FBB466900F6C77E /* Info.plist */ = {isa = PBXFileReference; lastKnownFileType = text.plist.xml; path = Info.plist; sourceTree = "<group>"; };
		A0AE19591FBB466900F6C77E /* Tus SantanderTests.xctest */ = {isa = PBXFileReference; explicitFileType = wrapper.cfbundle; includeInIndex = 0; path = "Tus SantanderTests.xctest"; sourceTree = BUILT_PRODUCTS_DIR; };
		A0AE195D1FBB466900F6C77E /* Tus_SantanderTests.swift */ = {isa = PBXFileReference; lastKnownFileType = sourcecode.swift; path = Tus_SantanderTests.swift; sourceTree = "<group>"; };
		A0AE195F1FBB466900F6C77E /* Info.plist */ = {isa = PBXFileReference; lastKnownFileType = text.plist.xml; path = Info.plist; sourceTree = "<group>"; };
		A0AE19641FBB466900F6C77E /* Tus SantanderUITests.xctest */ = {isa = PBXFileReference; explicitFileType = wrapper.cfbundle; includeInIndex = 0; path = "Tus SantanderUITests.xctest"; sourceTree = BUILT_PRODUCTS_DIR; };
		A0AE19681FBB466900F6C77E /* Tus_SantanderUITests.swift */ = {isa = PBXFileReference; lastKnownFileType = sourcecode.swift; path = Tus_SantanderUITests.swift; sourceTree = "<group>"; };
		A0AE196A1FBB466900F6C77E /* Info.plist */ = {isa = PBXFileReference; lastKnownFileType = text.plist.xml; path = Info.plist; sourceTree = "<group>"; };
		A0AE19781FBB4BD700F6C77E /* LineasTableViewCell.swift */ = {isa = PBXFileReference; lastKnownFileType = sourcecode.swift; path = LineasTableViewCell.swift; sourceTree = "<group>"; };
		A0BDA14E1FBB881200B49DA9 /* libsqlite3.0.tbd */ = {isa = PBXFileReference; lastKnownFileType = "sourcecode.text-based-dylib-definition"; name = libsqlite3.0.tbd; path = usr/lib/libsqlite3.0.tbd; sourceTree = SDKROOT; };
		A0BDA1501FBB888F00B49DA9 /* DatabaseHelper.swift */ = {isa = PBXFileReference; lastKnownFileType = sourcecode.swift; path = DatabaseHelper.swift; sourceTree = "<group>"; };
		A0CE10D71FBB8449002C46E8 /* libsqlite3.tbd */ = {isa = PBXFileReference; lastKnownFileType = "sourcecode.text-based-dylib-definition"; name = libsqlite3.tbd; path = usr/lib/libsqlite3.tbd; sourceTree = SDKROOT; };
/* End PBXFileReference section */

/* Begin PBXFrameworksBuildPhase section */
		A0AE19421FBB466800F6C77E /* Frameworks */ = {
			isa = PBXFrameworksBuildPhase;
			buildActionMask = 2147483647;
			files = (
			);
			runOnlyForDeploymentPostprocessing = 0;
		};
		A0AE19561FBB466900F6C77E /* Frameworks */ = {
			isa = PBXFrameworksBuildPhase;
			buildActionMask = 2147483647;
			files = (
			);
			runOnlyForDeploymentPostprocessing = 0;
		};
		A0AE19611FBB466900F6C77E /* Frameworks */ = {
			isa = PBXFrameworksBuildPhase;
			buildActionMask = 2147483647;
			files = (
			);
			runOnlyForDeploymentPostprocessing = 0;
		};
/* End PBXFrameworksBuildPhase section */

/* Begin PBXGroup section */
		A01C72EF1FBC9EB700D921C5 /* pojos */ = {
			isa = PBXGroup;
			children = (
				A064AC381FBB51F100380D5A /* Linea.swift */,
				A01C72ED1FBC9EAB00D921C5 /* Parada.swift */,
				A01C72F91FBCCC6F00D921C5 /* Estimacion.swift */,
			);
			path = pojos;
			sourceTree = "<group>";
		};
		A01C72F41FBCBA8600D921C5 /* View */ = {
			isa = PBXGroup;
			children = (
				A01C72F01FBCBA5100D921C5 /* ParadasTableViewController.swift */,
				A0234CF61FBB54BE00CE7A94 /* LineasTableViewController.swift */,
				A01C72F21FBCBA7D00D921C5 /* ParadaTableViewCell.swift */,
				A0AE19781FBB4BD700F6C77E /* LineasTableViewCell.swift */,
				A01C72F51FBCCAB100D921C5 /* EstimacionTableViewCell.swift */,
				A01C72F71FBCCAC400D921C5 /* EstimacionesTableViewController.swift */,
			);
			path = View;
			sourceTree = "<group>";
		};
		A0AE193C1FBB466800F6C77E = {
			isa = PBXGroup;
			children = (
				A0AE19471FBB466800F6C77E /* Tus Santander */,
				A0AE195C1FBB466900F6C77E /* Tus SantanderTests */,
				A0AE19671FBB466900F6C77E /* Tus SantanderUITests */,
				A0AE19461FBB466800F6C77E /* Products */,
				A0CE10D61FBB8449002C46E8 /* Frameworks */,
			);
			sourceTree = "<group>";
		};
		A0AE19461FBB466800F6C77E /* Products */ = {
			isa = PBXGroup;
			children = (
				A0AE19451FBB466800F6C77E /* Tus Santander.app */,
				A0AE19591FBB466900F6C77E /* Tus SantanderTests.xctest */,
				A0AE19641FBB466900F6C77E /* Tus SantanderUITests.xctest */,
			);
			name = Products;
			sourceTree = "<group>";
		};
		A0AE19471FBB466800F6C77E /* Tus Santander */ = {
			isa = PBXGroup;
			children = (
				A01C72F41FBCBA8600D921C5 /* View */,
				A01C72EF1FBC9EB700D921C5 /* pojos */,
				A0BDA1501FBB888F00B49DA9 /* DatabaseHelper.swift */,
				A0AE19481FBB466800F6C77E /* AppDelegate.swift */,
				A0AE194C1FBB466800F6C77E /* Main.storyboard */,
				A0AE194F1FBB466800F6C77E /* Assets.xcassets */,
				A0AE19511FBB466900F6C77E /* LaunchScreen.storyboard */,
				A0AE19541FBB466900F6C77E /* Info.plist */,
			);
			path = "Tus Santander";
			sourceTree = "<group>";
		};
		A0AE195C1FBB466900F6C77E /* Tus SantanderTests */ = {
			isa = PBXGroup;
			children = (
				A0AE195D1FBB466900F6C77E /* Tus_SantanderTests.swift */,
				A0AE195F1FBB466900F6C77E /* Info.plist */,
			);
			path = "Tus SantanderTests";
			sourceTree = "<group>";
		};
		A0AE19671FBB466900F6C77E /* Tus SantanderUITests */ = {
			isa = PBXGroup;
			children = (
				A0AE19681FBB466900F6C77E /* Tus_SantanderUITests.swift */,
				A0AE196A1FBB466900F6C77E /* Info.plist */,
			);
			path = "Tus SantanderUITests";
			sourceTree = "<group>";
		};
		A0CE10D61FBB8449002C46E8 /* Frameworks */ = {
			isa = PBXGroup;
			children = (
				A0BDA14E1FBB881200B49DA9 /* libsqlite3.0.tbd */,
				A0CE10D71FBB8449002C46E8 /* libsqlite3.tbd */,
			);
			name = Frameworks;
			sourceTree = "<group>";
		};
/* End PBXGroup section */

/* Begin PBXNativeTarget section */
		A0AE19441FBB466800F6C77E /* Tus Santander */ = {
			isa = PBXNativeTarget;
			buildConfigurationList = A0AE196D1FBB466900F6C77E /* Build configuration list for PBXNativeTarget "Tus Santander" */;
			buildPhases = (
				A0AE19411FBB466800F6C77E /* Sources */,
				A0AE19421FBB466800F6C77E /* Frameworks */,
				A0AE19431FBB466800F6C77E /* Resources */,
			);
			buildRules = (
			);
			dependencies = (
			);
			name = "Tus Santander";
			productName = "Tus Santander";
			productReference = A0AE19451FBB466800F6C77E /* Tus Santander.app */;
			productType = "com.apple.product-type.application";
		};
		A0AE19581FBB466900F6C77E /* Tus SantanderTests */ = {
			isa = PBXNativeTarget;
			buildConfigurationList = A0AE19701FBB466900F6C77E /* Build configuration list for PBXNativeTarget "Tus SantanderTests" */;
			buildPhases = (
				A0AE19551FBB466900F6C77E /* Sources */,
				A0AE19561FBB466900F6C77E /* Frameworks */,
				A0AE19571FBB466900F6C77E /* Resources */,
			);
			buildRules = (
			);
			dependencies = (
				A0AE195B1FBB466900F6C77E /* PBXTargetDependency */,
			);
			name = "Tus SantanderTests";
			productName = "Tus SantanderTests";
			productReference = A0AE19591FBB466900F6C77E /* Tus SantanderTests.xctest */;
			productType = "com.apple.product-type.bundle.unit-test";
		};
		A0AE19631FBB466900F6C77E /* Tus SantanderUITests */ = {
			isa = PBXNativeTarget;
			buildConfigurationList = A0AE19731FBB466900F6C77E /* Build configuration list for PBXNativeTarget "Tus SantanderUITests" */;
			buildPhases = (
				A0AE19601FBB466900F6C77E /* Sources */,
				A0AE19611FBB466900F6C77E /* Frameworks */,
				A0AE19621FBB466900F6C77E /* Resources */,
			);
			buildRules = (
			);
			dependencies = (
				A0AE19661FBB466900F6C77E /* PBXTargetDependency */,
			);
			name = "Tus SantanderUITests";
			productName = "Tus SantanderUITests";
			productReference = A0AE19641FBB466900F6C77E /* Tus SantanderUITests.xctest */;
			productType = "com.apple.product-type.bundle.ui-testing";
		};
/* End PBXNativeTarget section */

/* Begin PBXProject section */
		A0AE193D1FBB466800F6C77E /* Project object */ = {
			isa = PBXProject;
			attributes = {
				LastSwiftUpdateCheck = 0910;
				LastUpgradeCheck = 0910;
				ORGANIZATIONNAME = "Luis Martin";
				TargetAttributes = {
					A0AE19441FBB466800F6C77E = {
						CreatedOnToolsVersion = 9.1;
						ProvisioningStyle = Automatic;
					};
					A0AE19581FBB466900F6C77E = {
						CreatedOnToolsVersion = 9.1;
						ProvisioningStyle = Automatic;
						TestTargetID = A0AE19441FBB466800F6C77E;
					};
					A0AE19631FBB466900F6C77E = {
						CreatedOnToolsVersion = 9.1;
						ProvisioningStyle = Automatic;
						TestTargetID = A0AE19441FBB466800F6C77E;
					};
				};
			};
			buildConfigurationList = A0AE19401FBB466800F6C77E /* Build configuration list for PBXProject "Tus Santander" */;
			compatibilityVersion = "Xcode 8.0";
			developmentRegion = en;
			hasScannedForEncodings = 0;
			knownRegions = (
				en,
				Base,
			);
			mainGroup = A0AE193C1FBB466800F6C77E;
			productRefGroup = A0AE19461FBB466800F6C77E /* Products */;
			projectDirPath = "";
			projectRoot = "";
			targets = (
				A0AE19441FBB466800F6C77E /* Tus Santander */,
				A0AE19581FBB466900F6C77E /* Tus SantanderTests */,
				A0AE19631FBB466900F6C77E /* Tus SantanderUITests */,
			);
		};
/* End PBXProject section */

/* Begin PBXResourcesBuildPhase section */
		A0AE19431FBB466800F6C77E /* Resources */ = {
			isa = PBXResourcesBuildPhase;
			buildActionMask = 2147483647;
			files = (
				A0AE19531FBB466900F6C77E /* LaunchScreen.storyboard in Resources */,
				A0AE19501FBB466800F6C77E /* Assets.xcassets in Resources */,
				A0AE194E1FBB466800F6C77E /* Main.storyboard in Resources */,
			);
			runOnlyForDeploymentPostprocessing = 0;
		};
		A0AE19571FBB466900F6C77E /* Resources */ = {
			isa = PBXResourcesBuildPhase;
			buildActionMask = 2147483647;
			files = (
			);
			runOnlyForDeploymentPostprocessing = 0;
		};
		A0AE19621FBB466900F6C77E /* Resources */ = {
			isa = PBXResourcesBuildPhase;
			buildActionMask = 2147483647;
			files = (
			);
			runOnlyForDeploymentPostprocessing = 0;
		};
/* End PBXResourcesBuildPhase section */

/* Begin PBXSourcesBuildPhase section */
		A0AE19411FBB466800F6C77E /* Sources */ = {
			isa = PBXSourcesBuildPhase;
			buildActionMask = 2147483647;
			files = (
				A01C72F31FBCBA7D00D921C5 /* ParadaTableViewCell.swift in Sources */,
				A01C72F81FBCCAC400D921C5 /* EstimacionesTableViewController.swift in Sources */,
				A01C72F11FBCBA5100D921C5 /* ParadasTableViewController.swift in Sources */,
				A01C72EE1FBC9EAB00D921C5 /* Parada.swift in Sources */,
				A0234CF71FBB54BE00CE7A94 /* LineasTableViewController.swift in Sources */,
				A01C72FA1FBCCC6F00D921C5 /* Estimacion.swift in Sources */,
				A0BDA1511FBB888F00B49DA9 /* DatabaseHelper.swift in Sources */,
				A064AC391FBB51F100380D5A /* Linea.swift in Sources */,
				A01C72F61FBCCAB100D921C5 /* EstimacionTableViewCell.swift in Sources */,
				A0AE19491FBB466800F6C77E /* AppDelegate.swift in Sources */,
				A0AE19791FBB4BD700F6C77E /* LineasTableViewCell.swift in Sources */,
			);
			runOnlyForDeploymentPostprocessing = 0;
		};
		A0AE19551FBB466900F6C77E /* Sources */ = {
			isa = PBXSourcesBuildPhase;
			buildActionMask = 2147483647;
			files = (
				A0AE195E1FBB466900F6C77E /* Tus_SantanderTests.swift in Sources */,
			);
			runOnlyForDeploymentPostprocessing = 0;
		};
		A0AE19601FBB466900F6C77E /* Sources */ = {
			isa = PBXSourcesBuildPhase;
			buildActionMask = 2147483647;
			files = (
				A0AE19691FBB466900F6C77E /* Tus_SantanderUITests.swift in Sources */,
			);
			runOnlyForDeploymentPostprocessing = 0;
		};
/* End PBXSourcesBuildPhase section */

/* Begin PBXTargetDependency section */
		A0AE195B1FBB466900F6C77E /* PBXTargetDependency */ = {
			isa = PBXTargetDependency;
			target = A0AE19441FBB466800F6C77E /* Tus Santander */;
			targetProxy = A0AE195A1FBB466900F6C77E /* PBXContainerItemProxy */;
		};
		A0AE19661FBB466900F6C77E /* PBXTargetDependency */ = {
			isa = PBXTargetDependency;
			target = A0AE19441FBB466800F6C77E /* Tus Santander */;
			targetProxy = A0AE19651FBB466900F6C77E /* PBXContainerItemProxy */;
		};
/* End PBXTargetDependency section */

/* Begin PBXVariantGroup section */
		A0AE194C1FBB466800F6C77E /* Main.storyboard */ = {
			isa = PBXVariantGroup;
			children = (
				A0AE194D1FBB466800F6C77E /* Base */,
			);
			name = Main.storyboard;
			sourceTree = "<group>";
		};
		A0AE19511FBB466900F6C77E /* LaunchScreen.storyboard */ = {
			isa = PBXVariantGroup;
			children = (
				A0AE19521FBB466900F6C77E /* Base */,
			);
			name = LaunchScreen.storyboard;
			sourceTree = "<group>";
		};
/* End PBXVariantGroup section */

/* Begin XCBuildConfiguration section */
		A0AE196B1FBB466900F6C77E /* Debug */ = {
			isa = XCBuildConfiguration;
			buildSettings = {
				ALWAYS_SEARCH_USER_PATHS = NO;
				CLANG_ANALYZER_NONNULL = YES;
				CLANG_ANALYZER_NUMBER_OBJECT_CONVERSION = YES_AGGRESSIVE;
				CLANG_CXX_LANGUAGE_STANDARD = "gnu++14";
				CLANG_CXX_LIBRARY = "libc++";
				CLANG_ENABLE_MODULES = YES;
				CLANG_ENABLE_OBJC_ARC = YES;
				CLANG_WARN_BLOCK_CAPTURE_AUTORELEASING = YES;
				CLANG_WARN_BOOL_CONVERSION = YES;
				CLANG_WARN_COMMA = YES;
				CLANG_WARN_CONSTANT_CONVERSION = YES;
				CLANG_WARN_DIRECT_OBJC_ISA_USAGE = YES_ERROR;
				CLANG_WARN_DOCUMENTATION_COMMENTS = YES;
				CLANG_WARN_EMPTY_BODY = YES;
				CLANG_WARN_ENUM_CONVERSION = YES;
				CLANG_WARN_INFINITE_RECURSION = YES;
				CLANG_WARN_INT_CONVERSION = YES;
				CLANG_WARN_NON_LITERAL_NULL_CONVERSION = YES;
				CLANG_WARN_OBJC_LITERAL_CONVERSION = YES;
				CLANG_WARN_OBJC_ROOT_CLASS = YES_ERROR;
				CLANG_WARN_RANGE_LOOP_ANALYSIS = YES;
				CLANG_WARN_STRICT_PROTOTYPES = YES;
				CLANG_WARN_SUSPICIOUS_MOVE = YES;
				CLANG_WARN_UNGUARDED_AVAILABILITY = YES_AGGRESSIVE;
				CLANG_WARN_UNREACHABLE_CODE = YES;
				CLANG_WARN__DUPLICATE_METHOD_MATCH = YES;
				CODE_SIGN_IDENTITY = "iPhone Developer";
				COPY_PHASE_STRIP = NO;
				DEBUG_INFORMATION_FORMAT = dwarf;
				ENABLE_STRICT_OBJC_MSGSEND = YES;
				ENABLE_TESTABILITY = YES;
				GCC_C_LANGUAGE_STANDARD = gnu11;
				GCC_DYNAMIC_NO_PIC = NO;
				GCC_NO_COMMON_BLOCKS = YES;
				GCC_OPTIMIZATION_LEVEL = 0;
				GCC_PREPROCESSOR_DEFINITIONS = (
					"DEBUG=1",
					"$(inherited)",
				);
				GCC_WARN_64_TO_32_BIT_CONVERSION = YES;
				GCC_WARN_ABOUT_RETURN_TYPE = YES_ERROR;
				GCC_WARN_UNDECLARED_SELECTOR = YES;
				GCC_WARN_UNINITIALIZED_AUTOS = YES_AGGRESSIVE;
				GCC_WARN_UNUSED_FUNCTION = YES;
				GCC_WARN_UNUSED_VARIABLE = YES;
				IPHONEOS_DEPLOYMENT_TARGET = 11.1;
				MTL_ENABLE_DEBUG_INFO = YES;
				ONLY_ACTIVE_ARCH = YES;
				SDKROOT = iphoneos;
				SWIFT_ACTIVE_COMPILATION_CONDITIONS = DEBUG;
				SWIFT_OPTIMIZATION_LEVEL = "-Onone";
			};
			name = Debug;
		};
		A0AE196C1FBB466900F6C77E /* Release */ = {
			isa = XCBuildConfiguration;
			buildSettings = {
				ALWAYS_SEARCH_USER_PATHS = NO;
				CLANG_ANALYZER_NONNULL = YES;
				CLANG_ANALYZER_NUMBER_OBJECT_CONVERSION = YES_AGGRESSIVE;
				CLANG_CXX_LANGUAGE_STANDARD = "gnu++14";
				CLANG_CXX_LIBRARY = "libc++";
				CLANG_ENABLE_MODULES = YES;
				CLANG_ENABLE_OBJC_ARC = YES;
				CLANG_WARN_BLOCK_CAPTURE_AUTORELEASING = YES;
				CLANG_WARN_BOOL_CONVERSION = YES;
				CLANG_WARN_COMMA = YES;
				CLANG_WARN_CONSTANT_CONVERSION = YES;
				CLANG_WARN_DIRECT_OBJC_ISA_USAGE = YES_ERROR;
				CLANG_WARN_DOCUMENTATION_COMMENTS = YES;
				CLANG_WARN_EMPTY_BODY = YES;
				CLANG_WARN_ENUM_CONVERSION = YES;
				CLANG_WARN_INFINITE_RECURSION = YES;
				CLANG_WARN_INT_CONVERSION = YES;
				CLANG_WARN_NON_LITERAL_NULL_CONVERSION = YES;
				CLANG_WARN_OBJC_LITERAL_CONVERSION = YES;
				CLANG_WARN_OBJC_ROOT_CLASS = YES_ERROR;
				CLANG_WARN_RANGE_LOOP_ANALYSIS = YES;
				CLANG_WARN_STRICT_PROTOTYPES = YES;
				CLANG_WARN_SUSPICIOUS_MOVE = YES;
				CLANG_WARN_UNGUARDED_AVAILABILITY = YES_AGGRESSIVE;
				CLANG_WARN_UNREACHABLE_CODE = YES;
				CLANG_WARN__DUPLICATE_METHOD_MATCH = YES;
				CODE_SIGN_IDENTITY = "iPhone Developer";
				COPY_PHASE_STRIP = NO;
				DEBUG_INFORMATION_FORMAT = "dwarf-with-dsym";
				ENABLE_NS_ASSERTIONS = NO;
				ENABLE_STRICT_OBJC_MSGSEND = YES;
				GCC_C_LANGUAGE_STANDARD = gnu11;
				GCC_NO_COMMON_BLOCKS = YES;
				GCC_WARN_64_TO_32_BIT_CONVERSION = YES;
				GCC_WARN_ABOUT_RETURN_TYPE = YES_ERROR;
				GCC_WARN_UNDECLARED_SELECTOR = YES;
				GCC_WARN_UNINITIALIZED_AUTOS = YES_AGGRESSIVE;
				GCC_WARN_UNUSED_FUNCTION = YES;
				GCC_WARN_UNUSED_VARIABLE = YES;
				IPHONEOS_DEPLOYMENT_TARGET = 11.1;
				MTL_ENABLE_DEBUG_INFO = NO;
				SDKROOT = iphoneos;
				SWIFT_OPTIMIZATION_LEVEL = "-Owholemodule";
				VALIDATE_PRODUCT = YES;
			};
			name = Release;
		};
		A0AE196E1FBB466900F6C77E /* Debug */ = {
			isa = XCBuildConfiguration;
			buildSettings = {
				ASSETCATALOG_COMPILER_APPICON_NAME = AppIcon;
				CODE_SIGN_STYLE = Automatic;
				DEVELOPMENT_TEAM = VT83P5GLWR;
				INFOPLIST_FILE = "Tus Santander/Info.plist";
				IPHONEOS_DEPLOYMENT_TARGET = 11.1;
				LD_RUNPATH_SEARCH_PATHS = "$(inherited) @executable_path/Frameworks";
				PRODUCT_BUNDLE_IDENTIFIER = "LuisMartin.Tus-Santander";
				PRODUCT_NAME = "$(TARGET_NAME)";
				SWIFT_OBJC_BRIDGING_HEADER = "";
				SWIFT_VERSION = 4.0;
				TARGETED_DEVICE_FAMILY = "1,2";
			};
			name = Debug;
		};
		A0AE196F1FBB466900F6C77E /* Release */ = {
			isa = XCBuildConfiguration;
			buildSettings = {
				ASSETCATALOG_COMPILER_APPICON_NAME = AppIcon;
				CODE_SIGN_STYLE = Automatic;
				DEVELOPMENT_TEAM = VT83P5GLWR;
				INFOPLIST_FILE = "Tus Santander/Info.plist";
				IPHONEOS_DEPLOYMENT_TARGET = 11.1;
				LD_RUNPATH_SEARCH_PATHS = "$(inherited) @executable_path/Frameworks";
				PRODUCT_BUNDLE_IDENTIFIER = "LuisMartin.Tus-Santander";
				PRODUCT_NAME = "$(TARGET_NAME)";
				SWIFT_OBJC_BRIDGING_HEADER = "";
				SWIFT_VERSION = 4.0;
				TARGETED_DEVICE_FAMILY = "1,2";
			};
			name = Release;
		};
		A0AE19711FBB466900F6C77E /* Debug */ = {
			isa = XCBuildConfiguration;
			buildSettings = {
				ALWAYS_EMBED_SWIFT_STANDARD_LIBRARIES = YES;
				BUNDLE_LOADER = "$(TEST_HOST)";
				CODE_SIGN_STYLE = Automatic;
				DEVELOPMENT_TEAM = VT83P5GLWR;
				INFOPLIST_FILE = "Tus SantanderTests/Info.plist";
				LD_RUNPATH_SEARCH_PATHS = "$(inherited) @executable_path/Frameworks @loader_path/Frameworks";
				PRODUCT_BUNDLE_IDENTIFIER = "LuisMartin.Tus-SantanderTests";
				PRODUCT_NAME = "$(TARGET_NAME)";
				SWIFT_VERSION = 4.0;
				TARGETED_DEVICE_FAMILY = "1,2";
				TEST_HOST = "$(BUILT_PRODUCTS_DIR)/Tus Santander.app/Tus Santander";
			};
			name = Debug;
		};
		A0AE19721FBB466900F6C77E /* Release */ = {
			isa = XCBuildConfiguration;
			buildSettings = {
				ALWAYS_EMBED_SWIFT_STANDARD_LIBRARIES = YES;
				BUNDLE_LOADER = "$(TEST_HOST)";
				CODE_SIGN_STYLE = Automatic;
				DEVELOPMENT_TEAM = VT83P5GLWR;
				INFOPLIST_FILE = "Tus SantanderTests/Info.plist";
				LD_RUNPATH_SEARCH_PATHS = "$(inherited) @executable_path/Frameworks @loader_path/Frameworks";
				PRODUCT_BUNDLE_IDENTIFIER = "LuisMartin.Tus-SantanderTests";
				PRODUCT_NAME = "$(TARGET_NAME)";
				SWIFT_VERSION = 4.0;
				TARGETED_DEVICE_FAMILY = "1,2";
				TEST_HOST = "$(BUILT_PRODUCTS_DIR)/Tus Santander.app/Tus Santander";
			};
			name = Release;
		};
		A0AE19741FBB466900F6C77E /* Debug */ = {
			isa = XCBuildConfiguration;
			buildSettings = {
				ALWAYS_EMBED_SWIFT_STANDARD_LIBRARIES = YES;
				CODE_SIGN_STYLE = Automatic;
				DEVELOPMENT_TEAM = VT83P5GLWR;
				INFOPLIST_FILE = "Tus SantanderUITests/Info.plist";
				LD_RUNPATH_SEARCH_PATHS = "$(inherited) @executable_path/Frameworks @loader_path/Frameworks";
				PRODUCT_BUNDLE_IDENTIFIER = "LuisMartin.Tus-SantanderUITests";
				PRODUCT_NAME = "$(TARGET_NAME)";
				SWIFT_VERSION = 4.0;
				TARGETED_DEVICE_FAMILY = "1,2";
				TEST_TARGET_NAME = "Tus Santander";
			};
			name = Debug;
		};
		A0AE19751FBB466900F6C77E /* Release */ = {
			isa = XCBuildConfiguration;
			buildSettings = {
				ALWAYS_EMBED_SWIFT_STANDARD_LIBRARIES = YES;
				CODE_SIGN_STYLE = Automatic;
				DEVELOPMENT_TEAM = VT83P5GLWR;
				INFOPLIST_FILE = "Tus SantanderUITests/Info.plist";
				LD_RUNPATH_SEARCH_PATHS = "$(inherited) @executable_path/Frameworks @loader_path/Frameworks";
				PRODUCT_BUNDLE_IDENTIFIER = "LuisMartin.Tus-SantanderUITests";
				PRODUCT_NAME = "$(TARGET_NAME)";
				SWIFT_VERSION = 4.0;
				TARGETED_DEVICE_FAMILY = "1,2";
				TEST_TARGET_NAME = "Tus Santander";
			};
			name = Release;
		};
/* End XCBuildConfiguration section */

/* Begin XCConfigurationList section */
		A0AE19401FBB466800F6C77E /* Build configuration list for PBXProject "Tus Santander" */ = {
			isa = XCConfigurationList;
			buildConfigurations = (
				A0AE196B1FBB466900F6C77E /* Debug */,
				A0AE196C1FBB466900F6C77E /* Release */,
			);
			defaultConfigurationIsVisible = 0;
			defaultConfigurationName = Release;
		};
		A0AE196D1FBB466900F6C77E /* Build configuration list for PBXNativeTarget "Tus Santander" */ = {
			isa = XCConfigurationList;
			buildConfigurations = (
				A0AE196E1FBB466900F6C77E /* Debug */,
				A0AE196F1FBB466900F6C77E /* Release */,
			);
			defaultConfigurationIsVisible = 0;
			defaultConfigurationName = Release;
		};
		A0AE19701FBB466900F6C77E /* Build configuration list for PBXNativeTarget "Tus SantanderTests" */ = {
			isa = XCConfigurationList;
			buildConfigurations = (
				A0AE19711FBB466900F6C77E /* Debug */,
				A0AE19721FBB466900F6C77E /* Release */,
			);
			defaultConfigurationIsVisible = 0;
			defaultConfigurationName = Release;
		};
		A0AE19731FBB466900F6C77E /* Build configuration list for PBXNativeTarget "Tus SantanderUITests" */ = {
			isa = XCConfigurationList;
			buildConfigurations = (
				A0AE19741FBB466900F6C77E /* Debug */,
				A0AE19751FBB466900F6C77E /* Release */,
			);
			defaultConfigurationIsVisible = 0;
			defaultConfigurationName = Release;
		};
/* End XCConfigurationList section */
	};
	rootObject = A0AE193D1FBB466800F6C77E /* Project object */;
}
